
Microsoft Visual Studio Solution File, Format Version 12.00
# Visual Studio Version 17
VisualStudioVersion = 17.1.32421.90
MinimumVisualStudioVersion = 10.0.40219.1
Project("{9A19103F-16F7-4668-BE54-9A1E7A4F7556}") = "BethanysPieShopHRM.App", "BethanysPieShopHRM.App\BethanysPieShopHRM.App.csproj", "{DF65A30C-0CD6-41CE-BDA7-7B9269C7F714}"
EndProject
Project("{9A19103F-16F7-4668-BE54-9A1E7A4F7556}") = "BethanysPieShopHRM.Shared", "BethanysPieShopHRM.Shared\BethanysPieShopHRM.Shared.csproj", "{4147750C-936E-4C32-83CB-83ECC9C220AB}"
EndProject
Project("{9A19103F-16F7-4668-BE54-9A1E7A4F7556}") = "BethanysPieShopHRM.Api", "BethanysPieShopHRM.Api\BethanysPieShopHRM.Api.csproj", "{8DFB4610-C465-4F16-B22B-71CF09F6455C}"
EndProject
Project("{9A19103F-16F7-4668-BE54-9A1E7A4F7556}") = "BethanysPieShopHRM.RazorClassLibrary", "BethanysPieShopHRM.RazorClassLibrary\BethanysPieShopHRM.RazorClassLibrary.csproj", "{BB1EB58A-1AAF-46BF-A2BC-E3B754A020DA}"
EndProject
Project("{FAE04EC0-301F-11D3-BF4B-00C04F79EFBC}") = "BethanysPieShopHRM.Client", "BethanysPieShopHRM.Client\BethanysPieShopHRM.Client.csproj", "{411A9166-049E-4534-9A4C-7D8F56B8DB85}"
EndProject
Project("{FAE04EC0-301F-11D3-BF4B-00C04F79EFBC}") = "BethanysPieShopHRM.Server", "BethanysPieShopHRM.Server\BethanysPieShopHRM.Server.csproj", "{22DB7E61-6B74-4EAD-91D3-8B38CFD1E295}"
EndProject
Global
	GlobalSection(SolutionConfigurationPlatforms) = preSolution
		Debug|Any CPU = Debug|Any CPU
		Release|Any CPU = Release|Any CPU
	EndGlobalSection
	GlobalSection(ProjectConfigurationPlatforms) = postSolution
		{DF65A30C-0CD6-41CE-BDA7-7B9269C7F714}.Debug|Any CPU.ActiveCfg = Debug|Any CPU
		{DF65A30C-0CD6-41CE-BDA7-7B9269C7F714}.Debug|Any CPU.Build.0 = Debug|Any CPU
		{DF65A30C-0CD6-41CE-BDA7-7B9269C7F714}.Release|Any CPU.ActiveCfg = Release|Any CPU
		{DF65A30C-0CD6-41CE-BDA7-7B9269C7F714}.Release|Any CPU.Build.0 = Release|Any CPU
		{4147750C-936E-4C32-83CB-83ECC9C220AB}.Debug|Any CPU.ActiveCfg = Debug|Any CPU
		{4147750C-936E-4C32-83CB-83ECC9C220AB}.Debug|Any CPU.Build.0 = Debug|Any CPU
		{4147750C-936E-4C32-83CB-83ECC9C220AB}.Release|Any CPU.ActiveCfg = Release|Any CPU
		{4147750C-936E-4C32-83CB-83ECC9C220AB}.Release|Any CPU.Build.0 = Release|Any CPU
		{8DFB4610-C465-4F16-B22B-71CF09F6455C}.Debug|Any CPU.ActiveCfg = Debug|Any CPU
		{8DFB4610-C465-4F16-B22B-71CF09F6455C}.Debug|Any CPU.Build.0 = Debug|Any CPU
		{8DFB4610-C465-4F16-B22B-71CF09F6455C}.Release|Any CPU.ActiveCfg = Release|Any CPU
		{8DFB4610-C465-4F16-B22B-71CF09F6455C}.Release|Any CPU.Build.0 = Release|Any CPU
		{BB1EB58A-1AAF-46BF-A2BC-E3B754A020DA}.Debug|Any CPU.ActiveCfg = Debug|Any CPU
		{BB1EB58A-1AAF-46BF-A2BC-E3B754A020DA}.Debug|Any CPU.Build.0 = Debug|Any CPU
		{BB1EB58A-1AAF-46BF-A2BC-E3B754A020DA}.Release|Any CPU.ActiveCfg = Release|Any CPU
		{BB1EB58A-1AAF-46BF-A2BC-E3B754A020DA}.Release|Any CPU.Build.0 = Release|Any CPU
		{411A9166-049E-4534-9A4C-7D8F56B8DB85}.Debug|Any CPU.ActiveCfg = Debug|Any CPU
		{411A9166-049E-4534-9A4C-7D8F56B8DB85}.Debug|Any CPU.Build.0 = Debug|Any CPU
		{411A9166-049E-4534-9A4C-7D8F56B8DB85}.Release|Any CPU.ActiveCfg = Release|Any CPU
		{411A9166-049E-4534-9A4C-7D8F56B8DB85}.Release|Any CPU.Build.0 = Release|Any CPU
		{22DB7E61-6B74-4EAD-91D3-8B38CFD1E295}.Debug|Any CPU.ActiveCfg = Debug|Any CPU
		{22DB7E61-6B74-4EAD-91D3-8B38CFD1E295}.Debug|Any CPU.Build.0 = Debug|Any CPU
		{22DB7E61-6B74-4EAD-91D3-8B38CFD1E295}.Release|Any CPU.ActiveCfg = Release|Any CPU
		{22DB7E61-6B74-4EAD-91D3-8B38CFD1E295}.Release|Any CPU.Build.0 = Release|Any CPU
	EndGlobalSection
	GlobalSection(SolutionProperties) = preSolution
		HideSolutionNode = FALSE
	EndGlobalSection
	GlobalSection(ExtensibilityGlobals) = postSolution
		SolutionGuid = {07745F07-5DD1-451C-AA25-3BCA0351F0C3}
	EndGlobalSection
EndGlobal
